
Microsoft Visual Studio Solution File, Format Version 12.00
# Visual Studio Version 17
VisualStudioVersion = 17.9.34723.18
MinimumVisualStudioVersion = 10.0.40219.1
Project("{9A19103F-16F7-4668-BE54-9A1E7A4F7556}") = "TravelAroundBelarusProj.Api", "TravelAroundBelarusProj\TravelAroundBelarusProj.Api.csproj", "{43BEA6F5-B1AA-4F33-9B3D-1E884E6BE8A7}"
EndProject
Project("{2150E333-8FDC-42A3-9474-1A3956D46DE8}") = "Application", "Application", "{418743B5-57D0-4C10-B2A1-707282C2E966}"
EndProject
Project("{2150E333-8FDC-42A3-9474-1A3956D46DE8}") = "Infrastructure", "Infrastructure", "{4A1CBAB6-4B62-4081-82F5-75C372AE61BE}"
EndProject
Project("{2150E333-8FDC-42A3-9474-1A3956D46DE8}") = "Presentation", "Presentation", "{DD57BC00-2BB2-4794-B9FD-5EDCE2727D1D}"
EndProject
Project("{2150E333-8FDC-42A3-9474-1A3956D46DE8}") = "Apis", "Apis", "{3B343CF1-5D0C-4053-B7C4-49CAEB9C9C88}"
EndProject
Project("{9A19103F-16F7-4668-BE54-9A1E7A4F7556}") = "Infrastructure.Persistence", "Infrastructure.Persistence\Infrastructure.Persistence.csproj", "{B9E3E9AC-C5F6-4644-B0A3-59A88D2882A0}"
EndProject
Project("{2150E333-8FDC-42A3-9474-1A3956D46DE8}") = "Users", "Users", "{813AEEB3-32DF-4865-A4D6-1269AA377BC2}"
EndProject
Project("{2150E333-8FDC-42A3-9474-1A3956D46DE8}") = "Core", "Core", "{A5F85361-9A1E-49E0-A946-26381294A56B}"
EndProject
Project("{2150E333-8FDC-42A3-9474-1A3956D46DE8}") = "Travel", "Travel", "{0CDBE758-65A5-47E0-8922-7E9758E53414}"
EndProject
Project("{2150E333-8FDC-42A3-9474-1A3956D46DE8}") = "Auth", "Auth", "{E46D0D2A-4FA7-4F5C-AFF2-37EBF4E900D1}"
EndProject
Project("{9A19103F-16F7-4668-BE54-9A1E7A4F7556}") = "Auth.Application", "Auth.Application\Auth.Application.csproj", "{6B11BBDE-64B5-4B14-96C6-0B0E50C54832}"
EndProject
Project("{9A19103F-16F7-4668-BE54-9A1E7A4F7556}") = "Auth.Domain", "Auth.Domain\Auth.Domain.csproj", "{B413FF7D-A053-41E4-AAAE-42386EE6FF12}"
EndProject
Project("{9A19103F-16F7-4668-BE54-9A1E7A4F7556}") = "Users.Application", "Users.Application\Users.Application.csproj", "{133A7B6F-9681-4D0B-ADD7-BA166B9A37F2}"
EndProject
Project("{2150E333-8FDC-42A3-9474-1A3956D46DE8}") = "Auth", "Auth", "{54543CE9-05AF-4340-90DA-0163D9905300}"
EndProject
Project("{9A19103F-16F7-4668-BE54-9A1E7A4F7556}") = "Core.Auth.Application", "Core.Auth.Application\Core.Auth.Application.csproj", "{FEC129F4-1629-4064-8668-97C4FB1456C5}"
EndProject
Project("{9A19103F-16F7-4668-BE54-9A1E7A4F7556}") = "Core.Api", "Core.Api\Core.Api.csproj", "{D5C18F09-007A-4A70-9EBF-49551CF87454}"
EndProject
Project("{9A19103F-16F7-4668-BE54-9A1E7A4F7556}") = "Core.Application", "Core.Application\Core.Application.csproj", "{A1C8F3ED-9CAA-4A33-BB56-12F8F4EF0B73}"
EndProject
Project("{9A19103F-16F7-4668-BE54-9A1E7A4F7556}") = "Core.Users.Domain", "Core.Users.Domain\Core.Users.Domain.csproj", "{69AA9582-2C90-468F-9183-1C669187F86B}"
EndProject
Project("{9A19103F-16F7-4668-BE54-9A1E7A4F7556}") = "Users.Api", "Users\Users.Api.csproj", "{D4B73E96-98DF-47A1-BB98-D85ACB9D154E}"
EndProject
Project("{9A19103F-16F7-4668-BE54-9A1E7A4F7556}") = "Auth.Api", "Auth\Auth.Api.csproj", "{ABECEACA-A296-4E8B-9D76-E1BA11EB511A}"
EndProject
Project("{9A19103F-16F7-4668-BE54-9A1E7A4F7556}") = "Core.Auth.Api", "Core.Auth.Api\Core.Auth.Api.csproj", "{F70DD479-AA80-4E2D-A44D-777966E124A0}"
EndProject
Project("{9A19103F-16F7-4668-BE54-9A1E7A4F7556}") = "Attractions.Application", "Attractions.Application\Attractions.Application.csproj", "{59B27154-6760-41C5-9324-9050813917B5}"
EndProject
Project("{9A19103F-16F7-4668-BE54-9A1E7A4F7556}") = "Travels.Domain", "Travels.Domain\Travels.Domain.csproj", "{730ABFCA-7C6C-40BD-A50C-D3DB321DBD8B}"
EndProject
Project("{9A19103F-16F7-4668-BE54-9A1E7A4F7556}") = "Routes.Application", "Routes.Application\Routes.Application.csproj", "{A34C1F92-6DB0-4F88-9E43-151CD2116435}"
EndProject
Project("{9A19103F-16F7-4668-BE54-9A1E7A4F7556}") = "Tours.Application", "Tours.Application\Tours.Application.csproj", "{C066FE07-8997-4A3E-B7FD-16C13D4B13DD}"
EndProject
Project("{2150E333-8FDC-42A3-9474-1A3956D46DE8}") = "Tests", "Tests", "{AB58EEAF-1B83-45CE-9448-B4ED69FC6468}"
EndProject
Project("{2150E333-8FDC-42A3-9474-1A3956D46DE8}") = "Core", "Core", "{D19AF0D4-C223-4A1C-879E-BF166E81B49B}"
EndProject
Project("{9A19103F-16F7-4668-BE54-9A1E7A4F7556}") = "Core.ArchitectureTests", "Core.ArchitectureTests\Core.ArchitectureTests.csproj", "{72EBDB02-59F1-4FB7-B46B-65C2B4EF2FFE}"
EndProject
Project("{9A19103F-16F7-4668-BE54-9A1E7A4F7556}") = "Core.Tests", "Core.Tests\Core.Tests.csproj", "{99F1871E-6419-4060-8050-E43C0E9F2432}"
EndProject
Project("{9A19103F-16F7-4668-BE54-9A1E7A4F7556}") = "Auth.UnitTests", "Auth.UnitTests\Auth.UnitTests.csproj", "{FA28EAE2-E7BF-4A71-B07E-DE2EDAEE71CF}"
EndProject
Project("{9A19103F-16F7-4668-BE54-9A1E7A4F7556}") = "Travel.UnitTests", "Travels.UnitTests\Travel.UnitTests.csproj", "{FE5DC3EB-ADAB-4977-8B05-12DAC577B1ED}"
EndProject
Project("{9A19103F-16F7-4668-BE54-9A1E7A4F7556}") = "Users.UnitTests", "Users.UnitTests\Users.UnitTests.csproj", "{EB8FFCB9-88AD-4587-9161-5488CF2C36E4}"
EndProject
Project("{E53339B2-1760-4266-BCC7-CA923CBCF16C}") = "docker-compose", "docker-compose.dcproj", "{2A674BEC-A37E-48E4-A150-BFF9DEA3DDBB}"
EndProject
Global
	GlobalSection(SolutionConfigurationPlatforms) = preSolution
		Debug|Any CPU = Debug|Any CPU
		Release|Any CPU = Release|Any CPU
	EndGlobalSection
	GlobalSection(ProjectConfigurationPlatforms) = postSolution
		{43BEA6F5-B1AA-4F33-9B3D-1E884E6BE8A7}.Debug|Any CPU.ActiveCfg = Debug|Any CPU
		{43BEA6F5-B1AA-4F33-9B3D-1E884E6BE8A7}.Debug|Any CPU.Build.0 = Debug|Any CPU
		{43BEA6F5-B1AA-4F33-9B3D-1E884E6BE8A7}.Release|Any CPU.ActiveCfg = Release|Any CPU
		{43BEA6F5-B1AA-4F33-9B3D-1E884E6BE8A7}.Release|Any CPU.Build.0 = Release|Any CPU
		{B9E3E9AC-C5F6-4644-B0A3-59A88D2882A0}.Debug|Any CPU.ActiveCfg = Debug|Any CPU
		{B9E3E9AC-C5F6-4644-B0A3-59A88D2882A0}.Debug|Any CPU.Build.0 = Debug|Any CPU
		{B9E3E9AC-C5F6-4644-B0A3-59A88D2882A0}.Release|Any CPU.ActiveCfg = Release|Any CPU
		{B9E3E9AC-C5F6-4644-B0A3-59A88D2882A0}.Release|Any CPU.Build.0 = Release|Any CPU
		{6B11BBDE-64B5-4B14-96C6-0B0E50C54832}.Debug|Any CPU.ActiveCfg = Debug|Any CPU
		{6B11BBDE-64B5-4B14-96C6-0B0E50C54832}.Debug|Any CPU.Build.0 = Debug|Any CPU
		{6B11BBDE-64B5-4B14-96C6-0B0E50C54832}.Release|Any CPU.ActiveCfg = Release|Any CPU
		{6B11BBDE-64B5-4B14-96C6-0B0E50C54832}.Release|Any CPU.Build.0 = Release|Any CPU
		{B413FF7D-A053-41E4-AAAE-42386EE6FF12}.Debug|Any CPU.ActiveCfg = Debug|Any CPU
		{B413FF7D-A053-41E4-AAAE-42386EE6FF12}.Debug|Any CPU.Build.0 = Debug|Any CPU
		{B413FF7D-A053-41E4-AAAE-42386EE6FF12}.Release|Any CPU.ActiveCfg = Release|Any CPU
		{B413FF7D-A053-41E4-AAAE-42386EE6FF12}.Release|Any CPU.Build.0 = Release|Any CPU
		{133A7B6F-9681-4D0B-ADD7-BA166B9A37F2}.Debug|Any CPU.ActiveCfg = Debug|Any CPU
		{133A7B6F-9681-4D0B-ADD7-BA166B9A37F2}.Debug|Any CPU.Build.0 = Debug|Any CPU
		{133A7B6F-9681-4D0B-ADD7-BA166B9A37F2}.Release|Any CPU.ActiveCfg = Release|Any CPU
		{133A7B6F-9681-4D0B-ADD7-BA166B9A37F2}.Release|Any CPU.Build.0 = Release|Any CPU
		{FEC129F4-1629-4064-8668-97C4FB1456C5}.Debug|Any CPU.ActiveCfg = Debug|Any CPU
		{FEC129F4-1629-4064-8668-97C4FB1456C5}.Debug|Any CPU.Build.0 = Debug|Any CPU
		{FEC129F4-1629-4064-8668-97C4FB1456C5}.Release|Any CPU.ActiveCfg = Release|Any CPU
		{FEC129F4-1629-4064-8668-97C4FB1456C5}.Release|Any CPU.Build.0 = Release|Any CPU
		{D5C18F09-007A-4A70-9EBF-49551CF87454}.Debug|Any CPU.ActiveCfg = Debug|Any CPU
		{D5C18F09-007A-4A70-9EBF-49551CF87454}.Debug|Any CPU.Build.0 = Debug|Any CPU
		{D5C18F09-007A-4A70-9EBF-49551CF87454}.Release|Any CPU.ActiveCfg = Release|Any CPU
		{D5C18F09-007A-4A70-9EBF-49551CF87454}.Release|Any CPU.Build.0 = Release|Any CPU
		{A1C8F3ED-9CAA-4A33-BB56-12F8F4EF0B73}.Debug|Any CPU.ActiveCfg = Debug|Any CPU
		{A1C8F3ED-9CAA-4A33-BB56-12F8F4EF0B73}.Debug|Any CPU.Build.0 = Debug|Any CPU
		{A1C8F3ED-9CAA-4A33-BB56-12F8F4EF0B73}.Release|Any CPU.ActiveCfg = Release|Any CPU
		{A1C8F3ED-9CAA-4A33-BB56-12F8F4EF0B73}.Release|Any CPU.Build.0 = Release|Any CPU
		{69AA9582-2C90-468F-9183-1C669187F86B}.Debug|Any CPU.ActiveCfg = Debug|Any CPU
		{69AA9582-2C90-468F-9183-1C669187F86B}.Debug|Any CPU.Build.0 = Debug|Any CPU
		{69AA9582-2C90-468F-9183-1C669187F86B}.Release|Any CPU.ActiveCfg = Release|Any CPU
		{69AA9582-2C90-468F-9183-1C669187F86B}.Release|Any CPU.Build.0 = Release|Any CPU
		{D4B73E96-98DF-47A1-BB98-D85ACB9D154E}.Debug|Any CPU.ActiveCfg = Debug|Any CPU
		{D4B73E96-98DF-47A1-BB98-D85ACB9D154E}.Debug|Any CPU.Build.0 = Debug|Any CPU
		{D4B73E96-98DF-47A1-BB98-D85ACB9D154E}.Release|Any CPU.ActiveCfg = Release|Any CPU
		{D4B73E96-98DF-47A1-BB98-D85ACB9D154E}.Release|Any CPU.Build.0 = Release|Any CPU
		{ABECEACA-A296-4E8B-9D76-E1BA11EB511A}.Debug|Any CPU.ActiveCfg = Debug|Any CPU
		{ABECEACA-A296-4E8B-9D76-E1BA11EB511A}.Debug|Any CPU.Build.0 = Debug|Any CPU
		{ABECEACA-A296-4E8B-9D76-E1BA11EB511A}.Release|Any CPU.ActiveCfg = Release|Any CPU
		{ABECEACA-A296-4E8B-9D76-E1BA11EB511A}.Release|Any CPU.Build.0 = Release|Any CPU
		{F70DD479-AA80-4E2D-A44D-777966E124A0}.Debug|Any CPU.ActiveCfg = Debug|Any CPU
		{F70DD479-AA80-4E2D-A44D-777966E124A0}.Debug|Any CPU.Build.0 = Debug|Any CPU
		{F70DD479-AA80-4E2D-A44D-777966E124A0}.Release|Any CPU.ActiveCfg = Release|Any CPU
		{F70DD479-AA80-4E2D-A44D-777966E124A0}.Release|Any CPU.Build.0 = Release|Any CPU
		{59B27154-6760-41C5-9324-9050813917B5}.Debug|Any CPU.ActiveCfg = Debug|Any CPU
		{59B27154-6760-41C5-9324-9050813917B5}.Debug|Any CPU.Build.0 = Debug|Any CPU
		{59B27154-6760-41C5-9324-9050813917B5}.Release|Any CPU.ActiveCfg = Release|Any CPU
		{59B27154-6760-41C5-9324-9050813917B5}.Release|Any CPU.Build.0 = Release|Any CPU
		{730ABFCA-7C6C-40BD-A50C-D3DB321DBD8B}.Debug|Any CPU.ActiveCfg = Debug|Any CPU
		{730ABFCA-7C6C-40BD-A50C-D3DB321DBD8B}.Debug|Any CPU.Build.0 = Debug|Any CPU
		{730ABFCA-7C6C-40BD-A50C-D3DB321DBD8B}.Release|Any CPU.ActiveCfg = Release|Any CPU
		{730ABFCA-7C6C-40BD-A50C-D3DB321DBD8B}.Release|Any CPU.Build.0 = Release|Any CPU
		{A34C1F92-6DB0-4F88-9E43-151CD2116435}.Debug|Any CPU.ActiveCfg = Debug|Any CPU
		{A34C1F92-6DB0-4F88-9E43-151CD2116435}.Debug|Any CPU.Build.0 = Debug|Any CPU
		{A34C1F92-6DB0-4F88-9E43-151CD2116435}.Release|Any CPU.ActiveCfg = Release|Any CPU
		{A34C1F92-6DB0-4F88-9E43-151CD2116435}.Release|Any CPU.Build.0 = Release|Any CPU
		{C066FE07-8997-4A3E-B7FD-16C13D4B13DD}.Debug|Any CPU.ActiveCfg = Debug|Any CPU
		{C066FE07-8997-4A3E-B7FD-16C13D4B13DD}.Debug|Any CPU.Build.0 = Debug|Any CPU
		{C066FE07-8997-4A3E-B7FD-16C13D4B13DD}.Release|Any CPU.ActiveCfg = Release|Any CPU
		{C066FE07-8997-4A3E-B7FD-16C13D4B13DD}.Release|Any CPU.Build.0 = Release|Any CPU
		{72EBDB02-59F1-4FB7-B46B-65C2B4EF2FFE}.Debug|Any CPU.ActiveCfg = Debug|Any CPU
		{72EBDB02-59F1-4FB7-B46B-65C2B4EF2FFE}.Debug|Any CPU.Build.0 = Debug|Any CPU
		{72EBDB02-59F1-4FB7-B46B-65C2B4EF2FFE}.Release|Any CPU.ActiveCfg = Release|Any CPU
		{72EBDB02-59F1-4FB7-B46B-65C2B4EF2FFE}.Release|Any CPU.Build.0 = Release|Any CPU
		{99F1871E-6419-4060-8050-E43C0E9F2432}.Debug|Any CPU.ActiveCfg = Debug|Any CPU
		{99F1871E-6419-4060-8050-E43C0E9F2432}.Debug|Any CPU.Build.0 = Debug|Any CPU
		{99F1871E-6419-4060-8050-E43C0E9F2432}.Release|Any CPU.ActiveCfg = Release|Any CPU
		{99F1871E-6419-4060-8050-E43C0E9F2432}.Release|Any CPU.Build.0 = Release|Any CPU
		{FA28EAE2-E7BF-4A71-B07E-DE2EDAEE71CF}.Debug|Any CPU.ActiveCfg = Debug|Any CPU
		{FA28EAE2-E7BF-4A71-B07E-DE2EDAEE71CF}.Debug|Any CPU.Build.0 = Debug|Any CPU
		{FA28EAE2-E7BF-4A71-B07E-DE2EDAEE71CF}.Release|Any CPU.ActiveCfg = Release|Any CPU
		{FA28EAE2-E7BF-4A71-B07E-DE2EDAEE71CF}.Release|Any CPU.Build.0 = Release|Any CPU
		{FE5DC3EB-ADAB-4977-8B05-12DAC577B1ED}.Debug|Any CPU.ActiveCfg = Debug|Any CPU
		{FE5DC3EB-ADAB-4977-8B05-12DAC577B1ED}.Debug|Any CPU.Build.0 = Debug|Any CPU
		{FE5DC3EB-ADAB-4977-8B05-12DAC577B1ED}.Release|Any CPU.ActiveCfg = Release|Any CPU
		{FE5DC3EB-ADAB-4977-8B05-12DAC577B1ED}.Release|Any CPU.Build.0 = Release|Any CPU
		{EB8FFCB9-88AD-4587-9161-5488CF2C36E4}.Debug|Any CPU.ActiveCfg = Debug|Any CPU
		{EB8FFCB9-88AD-4587-9161-5488CF2C36E4}.Debug|Any CPU.Build.0 = Debug|Any CPU
		{EB8FFCB9-88AD-4587-9161-5488CF2C36E4}.Release|Any CPU.ActiveCfg = Release|Any CPU
		{EB8FFCB9-88AD-4587-9161-5488CF2C36E4}.Release|Any CPU.Build.0 = Release|Any CPU
		{2A674BEC-A37E-48E4-A150-BFF9DEA3DDBB}.Debug|Any CPU.ActiveCfg = Debug|Any CPU
		{2A674BEC-A37E-48E4-A150-BFF9DEA3DDBB}.Debug|Any CPU.Build.0 = Debug|Any CPU
		{2A674BEC-A37E-48E4-A150-BFF9DEA3DDBB}.Release|Any CPU.ActiveCfg = Release|Any CPU
		{2A674BEC-A37E-48E4-A150-BFF9DEA3DDBB}.Release|Any CPU.Build.0 = Release|Any CPU
	EndGlobalSection
	GlobalSection(SolutionProperties) = preSolution
		HideSolutionNode = FALSE
	EndGlobalSection
	GlobalSection(NestedProjects) = preSolution
		{43BEA6F5-B1AA-4F33-9B3D-1E884E6BE8A7} = {3B343CF1-5D0C-4053-B7C4-49CAEB9C9C88}
		{3B343CF1-5D0C-4053-B7C4-49CAEB9C9C88} = {DD57BC00-2BB2-4794-B9FD-5EDCE2727D1D}
		{B9E3E9AC-C5F6-4644-B0A3-59A88D2882A0} = {4A1CBAB6-4B62-4081-82F5-75C372AE61BE}
		{813AEEB3-32DF-4865-A4D6-1269AA377BC2} = {418743B5-57D0-4C10-B2A1-707282C2E966}
		{A5F85361-9A1E-49E0-A946-26381294A56B} = {418743B5-57D0-4C10-B2A1-707282C2E966}
		{0CDBE758-65A5-47E0-8922-7E9758E53414} = {418743B5-57D0-4C10-B2A1-707282C2E966}
		{E46D0D2A-4FA7-4F5C-AFF2-37EBF4E900D1} = {418743B5-57D0-4C10-B2A1-707282C2E966}
		{6B11BBDE-64B5-4B14-96C6-0B0E50C54832} = {E46D0D2A-4FA7-4F5C-AFF2-37EBF4E900D1}
		{B413FF7D-A053-41E4-AAAE-42386EE6FF12} = {E46D0D2A-4FA7-4F5C-AFF2-37EBF4E900D1}
		{133A7B6F-9681-4D0B-ADD7-BA166B9A37F2} = {813AEEB3-32DF-4865-A4D6-1269AA377BC2}
		{54543CE9-05AF-4340-90DA-0163D9905300} = {A5F85361-9A1E-49E0-A946-26381294A56B}
		{FEC129F4-1629-4064-8668-97C4FB1456C5} = {54543CE9-05AF-4340-90DA-0163D9905300}
		{D5C18F09-007A-4A70-9EBF-49551CF87454} = {A5F85361-9A1E-49E0-A946-26381294A56B}
		{A1C8F3ED-9CAA-4A33-BB56-12F8F4EF0B73} = {A5F85361-9A1E-49E0-A946-26381294A56B}
		{69AA9582-2C90-468F-9183-1C669187F86B} = {A5F85361-9A1E-49E0-A946-26381294A56B}
		{D4B73E96-98DF-47A1-BB98-D85ACB9D154E} = {3B343CF1-5D0C-4053-B7C4-49CAEB9C9C88}
		{ABECEACA-A296-4E8B-9D76-E1BA11EB511A} = {3B343CF1-5D0C-4053-B7C4-49CAEB9C9C88}
		{F70DD479-AA80-4E2D-A44D-777966E124A0} = {54543CE9-05AF-4340-90DA-0163D9905300}
		{59B27154-6760-41C5-9324-9050813917B5} = {0CDBE758-65A5-47E0-8922-7E9758E53414}
		{730ABFCA-7C6C-40BD-A50C-D3DB321DBD8B} = {0CDBE758-65A5-47E0-8922-7E9758E53414}
		{A34C1F92-6DB0-4F88-9E43-151CD2116435} = {0CDBE758-65A5-47E0-8922-7E9758E53414}
		{C066FE07-8997-4A3E-B7FD-16C13D4B13DD} = {0CDBE758-65A5-47E0-8922-7E9758E53414}
		{D19AF0D4-C223-4A1C-879E-BF166E81B49B} = {AB58EEAF-1B83-45CE-9448-B4ED69FC6468}
		{72EBDB02-59F1-4FB7-B46B-65C2B4EF2FFE} = {D19AF0D4-C223-4A1C-879E-BF166E81B49B}
		{99F1871E-6419-4060-8050-E43C0E9F2432} = {D19AF0D4-C223-4A1C-879E-BF166E81B49B}
		{FA28EAE2-E7BF-4A71-B07E-DE2EDAEE71CF} = {AB58EEAF-1B83-45CE-9448-B4ED69FC6468}
		{FE5DC3EB-ADAB-4977-8B05-12DAC577B1ED} = {AB58EEAF-1B83-45CE-9448-B4ED69FC6468}
		{EB8FFCB9-88AD-4587-9161-5488CF2C36E4} = {AB58EEAF-1B83-45CE-9448-B4ED69FC6468}
	EndGlobalSection
	GlobalSection(ExtensibilityGlobals) = postSolution
		SolutionGuid = {6A6E9721-7AE3-41F7-AA90-8A678E580352}
	EndGlobalSection
EndGlobal
